
Microsoft Visual Studio Solution File, Format Version 12.00
# Visual Studio Version 16
VisualStudioVersion = 16.0.29519.181
MinimumVisualStudioVersion = 10.0.40219.1
Project("{FAE04EC0-301F-11D3-BF4B-00C04F79EFBC}") = "CreateACodeModelFromExistingDB_RapoarteVizite", "CreateACodeModelFromExistingDatabase\CreateACodeModelFromExistingDB_RapoarteVizite.csproj", "{A59D19BE-2D49-485D-9A14-60B0C4B319E1}"
EndProject
Project("{FAE04EC0-301F-11D3-BF4B-00C04F79EFBC}") = "CreateCodeModelFromExistingDB_ItemSupport", "CreateCodeModelFromExistingDB_ItemSupport\CreateCodeModelFromExistingDB_ItemSupport.csproj", "{3511DE10-DC64-416A-AF45-5FA884837C74}"
EndProject
Global
	GlobalSection(SolutionConfigurationPlatforms) = preSolution
		Debug|Any CPU = Debug|Any CPU
		Release|Any CPU = Release|Any CPU
	EndGlobalSection
	GlobalSection(ProjectConfigurationPlatforms) = postSolution
		{A59D19BE-2D49-485D-9A14-60B0C4B319E1}.Debug|Any CPU.ActiveCfg = Debug|Any CPU
		{A59D19BE-2D49-485D-9A14-60B0C4B319E1}.Debug|Any CPU.Build.0 = Debug|Any CPU
		{A59D19BE-2D49-485D-9A14-60B0C4B319E1}.Release|Any CPU.ActiveCfg = Release|Any CPU
		{A59D19BE-2D49-485D-9A14-60B0C4B319E1}.Release|Any CPU.Build.0 = Release|Any CPU
		{3511DE10-DC64-416A-AF45-5FA884837C74}.Debug|Any CPU.ActiveCfg = Debug|Any CPU
		{3511DE10-DC64-416A-AF45-5FA884837C74}.Debug|Any CPU.Build.0 = Debug|Any CPU
		{3511DE10-DC64-416A-AF45-5FA884837C74}.Release|Any CPU.ActiveCfg = Release|Any CPU
		{3511DE10-DC64-416A-AF45-5FA884837C74}.Release|Any CPU.Build.0 = Release|Any CPU
	EndGlobalSection
	GlobalSection(SolutionProperties) = preSolution
		HideSolutionNode = FALSE
	EndGlobalSection
	GlobalSection(ExtensibilityGlobals) = postSolution
		SolutionGuid = {64B2DD4C-5FD9-4650-9B24-BA09DE1352A3}
	EndGlobalSection
EndGlobal
